lockfileVersion: '9.0'

settings:
  autoInstallPeers: true
  excludeLinksFromLockfile: false

importers:

  .:
    dependencies:
      '@lrc-maker/lrc-parser':
        specifier: ^0.1.17
        version: 0.1.17
      react:
        specifier: ^18.3.1
        version: 18.3.1
      react-dom:
        specifier: ^18.3.1
        version: 18.3.1(react@18.3.1)
    devDependencies:
      '@swc/core':
        specifier: ^1.11.21
        version: 1.11.21
      '@types/node':
        specifier: ^22.14.1
        version: 22.14.1
      '@types/react':
        specifier: ^18.3.20
        version: 18.3.20
      '@types/react-dom':
        specifier: ^18.3.6
        version: 18.3.6(@types/react@18.3.20)
      core-js:
        specifier: ^3.41.0
        version: 3.41.0
      dprint:
        specifier: ^0.45.1
        version: 0.45.1
      gen_dep_tag:
        specifier: ^0.0.3
        version: 0.0.3
      lightningcss:
        specifier: 1.25.1
        version: 1.25.1
      oxlint:
        specifier: ^0.4.4
        version: 0.4.4
      rollup-plugin-externals:
        specifier: ^0.0.1
        version: 0.0.1
      rollup-plugin-swc3:
        specifier: ^0.11.2
        version: 0.11.2(@swc/core@1.11.21)(rollup@4.40.0)
      toggle-switch-css:
        specifier: ^1.0.3
        version: 1.0.3
      typescript:
        specifier: ^5.8.3
        version: 5.8.3
      vite:
        specifier: ^5.4.18
        version: 5.4.18(@types/node@22.14.1)(lightningcss@1.25.1)

packages:

  '@dprint/darwin-arm64@0.45.1':
    resolution: {integrity: sha512-pH0/uKLJ5SJPoHhOwLWFMhCmL0BY3FzWQbull8OGMK/FRkIPgOl2adZSovtUZpUMGWyDOzIWH1fW9X2DuMhnEg==}
    cpu: [arm64]
    os: [darwin]

  '@dprint/darwin-x64@0.45.1':
    resolution: {integrity: sha512-YUj421LmBLDlxpIER3pORKfQmpmXD50n5mClHjpZrnl17WTiHtQ+jHvDJdJoxH2eS66W0mQyxLoGo5SfFfiM7A==}
    cpu: [x64]
    os: [darwin]

  '@dprint/linux-arm64-glibc@0.45.1':
    resolution: {integrity: sha512-lJ7s/pOQWRJ0mstjZQnVyX2/3QRXZ9cpFHJDZ7e81Y8QSn/iqxTrnK0DPgxUrDG8hYKQmWQdQLU4sP5DKBz0Jg==}
    cpu: [arm64]
    os: [linux]

  '@dprint/linux-arm64-musl@0.45.1':
    resolution: {integrity: sha512-un2awe1L1sAJLsCPSEUrE0/cgupdzbYFoyBOutyU1zHR9KQn47AtIDw+chvuinU4xleHDuEGyXGuJ6NE+Ky6vw==}
    cpu: [arm64]
    os: [linux]

  '@dprint/linux-x64-glibc@0.45.1':
    resolution: {integrity: sha512-5Civht90S/g8zlyYB7n4oH78p+sLbNqeFCFuImJRK7uRxZwCRya7lji6RwlB6DQ7qngVqovTHj9RLOYfZzfVlg==}
    cpu: [x64]
    os: [linux]

  '@dprint/linux-x64-musl@0.45.1':
    resolution: {integrity: sha512-p2/gjnHDd8GRCvtey5HZO4o/He6pSmY/zpcCuIXprFW9P0vNlEj3DFhz4FPpOKXM+csrsVWWs2E0T/xr5QZtVg==}
    cpu: [x64]
    os: [linux]

  '@dprint/win32-x64@0.45.1':
    resolution: {integrity: sha512-2l78XM7KsW46P2Yv6uPB3fE+y92EsBlrCxi+RVQ0pbznPFdMdkLyGgaCuh683zdld14jHlaADpIQ7YchGAEMAg==}
    cpu: [x64]
    os: [win32]

  '@esbuild/aix-ppc64@0.21.5':
    resolution: {integrity: sha512-1SDgH6ZSPTlggy1yI6+Dbkiz8xzpHJEVAlF/AM1tHPLsf5STom9rwtjE4hKAF20FfXXNTFqEYXyJNWh1GiZedQ==}
    engines: {node: '>=12'}
    cpu: [ppc64]
    os: [aix]

  '@esbuild/android-arm64@0.21.5':
    resolution: {integrity: sha512-c0uX9VAUBQ7dTDCjq+wdyGLowMdtR/GoC2U5IYk/7D1H1JYC0qseD7+11iMP2mRLN9RcCMRcjC4YMclCzGwS/A==}
    engines: {node: '>=12'}
    cpu: [arm64]
    os: [android]

  '@esbuild/android-arm@0.21.5':
    resolution: {integrity: sha512-vCPvzSjpPHEi1siZdlvAlsPxXl7WbOVUBBAowWug4rJHb68Ox8KualB+1ocNvT5fjv6wpkX6o/iEpbDrf68zcg==}
    engines: {node: '>=12'}
    cpu: [arm]
    os: [android]

  '@esbuild/android-x64@0.21.5':
    resolution: {integrity: sha512-D7aPRUUNHRBwHxzxRvp856rjUHRFW1SdQATKXH2hqA0kAZb1hKmi02OpYRacl0TxIGz/ZmXWlbZgjwWYaCakTA==}
    engines: {node: '>=12'}
    cpu: [x64]
    os: [android]

  '@esbuild/darwin-arm64@0.21.5':
    resolution: {integrity: sha512-DwqXqZyuk5AiWWf3UfLiRDJ5EDd49zg6O9wclZ7kUMv2WRFr4HKjXp/5t8JZ11QbQfUS6/cRCKGwYhtNAY88kQ==}
    engines: {node: '>=12'}
    cpu: [arm64]
    os: [darwin]

  '@esbuild/darwin-x64@0.21.5':
    resolution: {integrity: sha512-se/JjF8NlmKVG4kNIuyWMV/22ZaerB+qaSi5MdrXtd6R08kvs2qCN4C09miupktDitvh8jRFflwGFBQcxZRjbw==}
    engines: {node: '>=12'}
    cpu: [x64]
    os: [darwin]

  '@esbuild/freebsd-arm64@0.21.5':
    resolution: {integrity: sha512-5JcRxxRDUJLX8JXp/wcBCy3pENnCgBR9bN6JsY4OmhfUtIHe3ZW0mawA7+RDAcMLrMIZaf03NlQiX9DGyB8h4g==}
    engines: {node: '>=12'}
    cpu: [arm64]
    os: [freebsd]

  '@esbuild/freebsd-x64@0.21.5':
    resolution: {integrity: sha512-J95kNBj1zkbMXtHVH29bBriQygMXqoVQOQYA+ISs0/2l3T9/kj42ow2mpqerRBxDJnmkUDCaQT/dfNXWX/ZZCQ==}
    engines: {node: '>=12'}
    cpu: [x64]
    os: [freebsd]

  '@esbuild/linux-arm64@0.21.5':
    resolution: {integrity: sha512-ibKvmyYzKsBeX8d8I7MH/TMfWDXBF3db4qM6sy+7re0YXya+K1cem3on9XgdT2EQGMu4hQyZhan7TeQ8XkGp4Q==}
    engines: {node: '>=12'}
    cpu: [arm64]
    os: [linux]

  '@esbuild/linux-arm@0.21.5':
    resolution: {integrity: sha512-bPb5AHZtbeNGjCKVZ9UGqGwo8EUu4cLq68E95A53KlxAPRmUyYv2D6F0uUI65XisGOL1hBP5mTronbgo+0bFcA==}
    engines: {node: '>=12'}
    cpu: [arm]
    os: [linux]

  '@esbuild/linux-ia32@0.21.5':
    resolution: {integrity: sha512-YvjXDqLRqPDl2dvRODYmmhz4rPeVKYvppfGYKSNGdyZkA01046pLWyRKKI3ax8fbJoK5QbxblURkwK/MWY18Tg==}
    engines: {node: '>=12'}
    cpu: [ia32]
    os: [linux]

  '@esbuild/linux-loong64@0.21.5':
    resolution: {integrity: sha512-uHf1BmMG8qEvzdrzAqg2SIG/02+4/DHB6a9Kbya0XDvwDEKCoC8ZRWI5JJvNdUjtciBGFQ5PuBlpEOXQj+JQSg==}
    engines: {node: '>=12'}
    cpu: [loong64]
    os: [linux]

  '@esbuild/linux-mips64el@0.21.5':
    resolution: {integrity: sha512-IajOmO+KJK23bj52dFSNCMsz1QP1DqM6cwLUv3W1QwyxkyIWecfafnI555fvSGqEKwjMXVLokcV5ygHW5b3Jbg==}
    engines: {node: '>=12'}
    cpu: [mips64el]
    os: [linux]

  '@esbuild/linux-ppc64@0.21.5':
    resolution: {integrity: sha512-1hHV/Z4OEfMwpLO8rp7CvlhBDnjsC3CttJXIhBi+5Aj5r+MBvy4egg7wCbe//hSsT+RvDAG7s81tAvpL2XAE4w==}
    engines: {node: '>=12'}
    cpu: [ppc64]
    os: [linux]

  '@esbuild/linux-riscv64@0.21.5':
    resolution: {integrity: sha512-2HdXDMd9GMgTGrPWnJzP2ALSokE/0O5HhTUvWIbD3YdjME8JwvSCnNGBnTThKGEB91OZhzrJ4qIIxk/SBmyDDA==}
    engines: {node: '>=12'}
    cpu: [riscv64]
    os: [linux]

  '@esbuild/linux-s390x@0.21.5':
    resolution: {integrity: sha512-zus5sxzqBJD3eXxwvjN1yQkRepANgxE9lgOW2qLnmr8ikMTphkjgXu1HR01K4FJg8h1kEEDAqDcZQtbrRnB41A==}
    engines: {node: '>=12'}
    cpu: [s390x]
    os: [linux]

  '@esbuild/linux-x64@0.21.5':
    resolution: {integrity: sha512-1rYdTpyv03iycF1+BhzrzQJCdOuAOtaqHTWJZCWvijKD2N5Xu0TtVC8/+1faWqcP9iBCWOmjmhoH94dH82BxPQ==}
    engines: {node: '>=12'}
    cpu: [x64]
    os: [linux]

  '@esbuild/netbsd-x64@0.21.5':
    resolution: {integrity: sha512-Woi2MXzXjMULccIwMnLciyZH4nCIMpWQAs049KEeMvOcNADVxo0UBIQPfSmxB3CWKedngg7sWZdLvLczpe0tLg==}
    engines: {node: '>=12'}
    cpu: [x64]
    os: [netbsd]

  '@esbuild/openbsd-x64@0.21.5':
    resolution: {integrity: sha512-HLNNw99xsvx12lFBUwoT8EVCsSvRNDVxNpjZ7bPn947b8gJPzeHWyNVhFsaerc0n3TsbOINvRP2byTZ5LKezow==}
    engines: {node: '>=12'}
    cpu: [x64]
    os: [openbsd]

  '@esbuild/sunos-x64@0.21.5':
    resolution: {integrity: sha512-6+gjmFpfy0BHU5Tpptkuh8+uw3mnrvgs+dSPQXQOv3ekbordwnzTVEb4qnIvQcYXq6gzkyTnoZ9dZG+D4garKg==}
    engines: {node: '>=12'}
    cpu: [x64]
    os: [sunos]

  '@esbuild/win32-arm64@0.21.5':
    resolution: {integrity: sha512-Z0gOTd75VvXqyq7nsl93zwahcTROgqvuAcYDUr+vOv8uHhNSKROyU961kgtCD1e95IqPKSQKH7tBTslnS3tA8A==}
    engines: {node: '>=12'}
    cpu: [arm64]
    os: [win32]

  '@esbuild/win32-ia32@0.21.5':
    resolution: {integrity: sha512-SWXFF1CL2RVNMaVs+BBClwtfZSvDgtL//G/smwAc5oVK/UPu2Gu9tIaRgFmYFFKrmg3SyAjSrElf0TiJ1v8fYA==}
    engines: {node: '>=12'}
    cpu: [ia32]
    os: [win32]

  '@esbuild/win32-x64@0.21.5':
    resolution: {integrity: sha512-tQd/1efJuzPC6rCFwEvLtci/xNFcTZknmXs98FYDfGE4wP9ClFV98nyKrzJKVPMhdDnjzLhdUyMX4PsQAPjwIw==}
    engines: {node: '>=12'}
    cpu: [x64]
    os: [win32]

  '@fastify/deepmerge@1.3.0':
    resolution: {integrity: sha512-J8TOSBq3SoZbDhM9+R/u77hP93gz/rajSA+K2kGyijPpORPWUXHUpTaleoj+92As0S9uPRP7Oi8IqMf0u+ro6A==}

  '@jridgewell/sourcemap-codec@1.5.0':
    resolution: {integrity: sha512-gv3ZRaISU3fjPAgNsriBRqGWQL6quFx04YMPW/zD8XMLsU32mhCCbfbO6KZFLjvYpCZ8zyDEgqsgf+PwPaM7GQ==}

  '@lrc-maker/lrc-parser@0.1.17':
    resolution: {integrity: sha512-oDlWDDsiHcOdEsQSnBPdQRIu5KFG96nJmOU3XI6g6F8HsTbq4S6IekRCyDQ6OhbJOrfjpsh15TLJFO7Bx+epJg==}

  '@oxlint/darwin-arm64@0.4.4':
    resolution: {integrity: sha512-3XqHh9uz9IROFRSJTkH81BDHERglneH4YzcchWOlkckCTHh/V5/THbTY6sA7FK3a7uJVysKJu0zgRhsyXoUNUA==}
    cpu: [arm64]
    os: [darwin]

  '@oxlint/darwin-x64@0.4.4':
    resolution: {integrity: sha512-41/as9u+MRTmY0egr42j9Q7RMNoKEy1Uw/v+4K/5gJp1cnY99K7pGsqgbD6nMvaDbenbt8vwNSYoF2UzmUDcoQ==}
    cpu: [x64]
    os: [darwin]

  '@oxlint/linux-arm64-gnu@0.4.4':
    resolution: {integrity: sha512-LTOtEliKPWJzVC6qs1M0IoND0yFchWkKS6agFSmzGmfe523geC+eATq3slFvUPdSzdLAgk6v2juol7JxaI2+vg==}
    cpu: [arm64]
    os: [linux]

  '@oxlint/linux-arm64-musl@0.4.4':
    resolution: {integrity: sha512-hTmCi57YnUUxUxOWSdLEdN7IFkcJylsAZuWcVLjMCiPtTcyTeY6wPrUFqNSGLG+Gvqj/2g0aqzKt3eJBfDSOzg==}
    cpu: [arm64]
    os: [linux]

  '@oxlint/linux-x64-gnu@0.4.4':
    resolution: {integrity: sha512-nqQr/Zj86F56EvpcbZMXEsYpUS+wpEAH1jahg70ApAEeq+EoVBqMZPv4sV1vAIy/R20f00a891fz13RGkorMnw==}
    cpu: [x64]
    os: [linux]

  '@oxlint/linux-x64-musl@0.4.4':
    resolution: {integrity: sha512-MdyAoQgLQf/ZzneV+cCWD++6ATKWEEp1VPa61664uCYtJIKRKiavPwT5BN+nQ197Bn7n/k6pOHmo/3n8+PCFNg==}
    cpu: [x64]
    os: [linux]

  '@oxlint/win32-arm64@0.4.4':
    resolution: {integrity: sha512-m1azJG8XD7Po1Las7ftYFvtSUaVju1V9ic771x6/Su+8vt1Iz2pDwG7jDK+5hHbS17w8qHCYcg/IDRFHuFsOeQ==}
    cpu: [arm64]
    os: [win32]

  '@oxlint/win32-x64@0.4.4':
    resolution: {integrity: sha512-4ZyCtwNHqfOPzSPoEUHuFxcYCxRGMTB9ZmDJCVZGVbxwE462FPz6IfoinEqaiesgnuaBqN78CkLqW5kfhnxm+A==}
    cpu: [x64]
    os: [win32]

  '@rollup/pluginutils@5.1.4':
    resolution: {integrity: sha512-USm05zrsFxYLPdWWq+K3STlWiT/3ELn3RcV5hJMghpeAIhxfsUIg6mt12CBJBInWMV4VneoV7SfGv8xIwo2qNQ==}
    engines: {node: '>=14.0.0'}
    peerDependencies:
      rollup: ^1.20.0||^2.0.0||^3.0.0||^4.0.0
    peerDependenciesMeta:
      rollup:
        optional: true

  '@rollup/rollup-android-arm-eabi@4.40.0':
    resolution: {integrity: sha512-+Fbls/diZ0RDerhE8kyC6hjADCXA1K4yVNlH0EYfd2XjyH0UGgzaQ8MlT0pCXAThfxv3QUAczHaL+qSv1E4/Cg==}
    cpu: [arm]
    os: [android]

  '@rollup/rollup-android-arm64@4.40.0':
    resolution: {integrity: sha512-PPA6aEEsTPRz+/4xxAmaoWDqh67N7wFbgFUJGMnanCFs0TV99M0M8QhhaSCks+n6EbQoFvLQgYOGXxlMGQe/6w==}
    cpu: [arm64]
    os: [android]

  '@rollup/rollup-darwin-arm64@4.40.0':
    resolution: {integrity: sha512-GwYOcOakYHdfnjjKwqpTGgn5a6cUX7+Ra2HeNj/GdXvO2VJOOXCiYYlRFU4CubFM67EhbmzLOmACKEfvp3J1kQ==}
    cpu: [arm64]
    os: [darwin]

  '@rollup/rollup-darwin-x64@4.40.0':
    resolution: {integrity: sha512-CoLEGJ+2eheqD9KBSxmma6ld01czS52Iw0e2qMZNpPDlf7Z9mj8xmMemxEucinev4LgHalDPczMyxzbq+Q+EtA==}
    cpu: [x64]
    os: [darwin]

  '@rollup/rollup-freebsd-arm64@4.40.0':
    resolution: {integrity: sha512-r7yGiS4HN/kibvESzmrOB/PxKMhPTlz+FcGvoUIKYoTyGd5toHp48g1uZy1o1xQvybwwpqpe010JrcGG2s5nkg==}
    cpu: [arm64]
    os: [freebsd]

  '@rollup/rollup-freebsd-x64@4.40.0':
    resolution: {integrity: sha512-mVDxzlf0oLzV3oZOr0SMJ0lSDd3xC4CmnWJ8Val8isp9jRGl5Dq//LLDSPFrasS7pSm6m5xAcKaw3sHXhBjoRw==}
    cpu: [x64]
    os: [freebsd]

  '@rollup/rollup-linux-arm-gnueabihf@4.40.0':
    resolution: {integrity: sha512-y/qUMOpJxBMy8xCXD++jeu8t7kzjlOCkoxxajL58G62PJGBZVl/Gwpm7JK9+YvlB701rcQTzjUZ1JgUoPTnoQA==}
    cpu: [arm]
    os: [linux]

  '@rollup/rollup-linux-arm-musleabihf@4.40.0':
    resolution: {integrity: sha512-GoCsPibtVdJFPv/BOIvBKO/XmwZLwaNWdyD8TKlXuqp0veo2sHE+A/vpMQ5iSArRUz/uaoj4h5S6Pn0+PdhRjg==}
    cpu: [arm]
    os: [linux]

  '@rollup/rollup-linux-arm64-gnu@4.40.0':
    resolution: {integrity: sha512-L5ZLphTjjAD9leJzSLI7rr8fNqJMlGDKlazW2tX4IUF9P7R5TMQPElpH82Q7eNIDQnQlAyiNVfRPfP2vM5Avvg==}
    cpu: [arm64]
    os: [linux]

  '@rollup/rollup-linux-arm64-musl@4.40.0':
    resolution: {integrity: sha512-ATZvCRGCDtv1Y4gpDIXsS+wfFeFuLwVxyUBSLawjgXK2tRE6fnsQEkE4csQQYWlBlsFztRzCnBvWVfcae/1qxQ==}
    cpu: [arm64]
    os: [linux]

  '@rollup/rollup-linux-loongarch64-gnu@4.40.0':
    resolution: {integrity: sha512-wG9e2XtIhd++QugU5MD9i7OnpaVb08ji3P1y/hNbxrQ3sYEelKJOq1UJ5dXczeo6Hj2rfDEL5GdtkMSVLa/AOg==}
    cpu: [loong64]
    os: [linux]

  '@rollup/rollup-linux-powerpc64le-gnu@4.40.0':
    resolution: {integrity: sha512-vgXfWmj0f3jAUvC7TZSU/m/cOE558ILWDzS7jBhiCAFpY2WEBn5jqgbqvmzlMjtp8KlLcBlXVD2mkTSEQE6Ixw==}
    cpu: [ppc64]
    os: [linux]

  '@rollup/rollup-linux-riscv64-gnu@4.40.0':
    resolution: {integrity: sha512-uJkYTugqtPZBS3Z136arevt/FsKTF/J9dEMTX/cwR7lsAW4bShzI2R0pJVw+hcBTWF4dxVckYh72Hk3/hWNKvA==}
    cpu: [riscv64]
    os: [linux]

  '@rollup/rollup-linux-riscv64-musl@4.40.0':
    resolution: {integrity: sha512-rKmSj6EXQRnhSkE22+WvrqOqRtk733x3p5sWpZilhmjnkHkpeCgWsFFo0dGnUGeA+OZjRl3+VYq+HyCOEuwcxQ==}
    cpu: [riscv64]
    os: [linux]

  '@rollup/rollup-linux-s390x-gnu@4.40.0':
    resolution: {integrity: sha512-SpnYlAfKPOoVsQqmTFJ0usx0z84bzGOS9anAC0AZ3rdSo3snecihbhFTlJZ8XMwzqAcodjFU4+/SM311dqE5Sw==}
    cpu: [s390x]
    os: [linux]

  '@rollup/rollup-linux-x64-gnu@4.40.0':
    resolution: {integrity: sha512-RcDGMtqF9EFN8i2RYN2W+64CdHruJ5rPqrlYw+cgM3uOVPSsnAQps7cpjXe9be/yDp8UC7VLoCoKC8J3Kn2FkQ==}
    cpu: [x64]
    os: [linux]

  '@rollup/rollup-linux-x64-musl@4.40.0':
    resolution: {integrity: sha512-HZvjpiUmSNx5zFgwtQAV1GaGazT2RWvqeDi0hV+AtC8unqqDSsaFjPxfsO6qPtKRRg25SisACWnJ37Yio8ttaw==}
    cpu: [x64]
    os: [linux]

  '@rollup/rollup-win32-arm64-msvc@4.40.0':
    resolution: {integrity: sha512-UtZQQI5k/b8d7d3i9AZmA/t+Q4tk3hOC0tMOMSq2GlMYOfxbesxG4mJSeDp0EHs30N9bsfwUvs3zF4v/RzOeTQ==}
    cpu: [arm64]
    os: [win32]

  '@rollup/rollup-win32-ia32-msvc@4.40.0':
    resolution: {integrity: sha512-+m03kvI2f5syIqHXCZLPVYplP8pQch9JHyXKZ3AGMKlg8dCyr2PKHjwRLiW53LTrN/Nc3EqHOKxUxzoSPdKddA==}
    cpu: [ia32]
    os: [win32]

  '@rollup/rollup-win32-x64-msvc@4.40.0':
    resolution: {integrity: sha512-lpPE1cLfP5oPzVjKMx10pgBmKELQnFJXHgvtHCtuJWOv8MxqdEIMNtgHgBFf7Ea2/7EuVwa9fodWUfXAlXZLZQ==}
    cpu: [x64]
    os: [win32]

  '@swc/core-darwin-arm64@1.11.21':
    resolution: {integrity: sha512-v6gjw9YFWvKulCw3ZA1dY+LGMafYzJksm1mD4UZFZ9b36CyHFowYVYug1ajYRIRqEvvfIhHUNV660zTLoVFR8g==}
    engines: {node: '>=10'}
    cpu: [arm64]
    os: [darwin]

  '@swc/core-darwin-x64@1.11.21':
    resolution: {integrity: sha512-CUiTiqKlzskwswrx9Ve5NhNoab30L1/ScOfQwr1duvNlFvarC8fvQSgdtpw2Zh3MfnfNPpyLZnYg7ah4kbT9JQ==}
    engines: {node: '>=10'}
    cpu: [x64]
    os: [darwin]

  '@swc/core-linux-arm-gnueabihf@1.11.21':
    resolution: {integrity: sha512-YyBTAFM/QPqt1PscD8hDmCLnqPGKmUZpqeE25HXY8OLjl2MUs8+O4KjwPZZ+OGxpdTbwuWFyMoxjcLy80JODvg==}
    engines: {node: '>=10'}
    cpu: [arm]
    os: [linux]

  '@swc/core-linux-arm64-gnu@1.11.21':
    resolution: {integrity: sha512-DQD+ooJmwpNsh4acrftdkuwl5LNxxg8U4+C/RJNDd7m5FP9Wo4c0URi5U0a9Vk/6sQNh9aSGcYChDpqCDWEcBw==}
    engines: {node: '>=10'}
    cpu: [arm64]
    os: [linux]

  '@swc/core-linux-arm64-musl@1.11.21':
    resolution: {integrity: sha512-y1L49+snt1a1gLTYPY641slqy55QotPdtRK9Y6jMi4JBQyZwxC8swWYlQWb+MyILwxA614fi62SCNZNznB3XSA==}
    engines: {node: '>=10'}
    cpu: [arm64]
    os: [linux]

  '@swc/core-linux-x64-gnu@1.11.21':
    resolution: {integrity: sha512-NesdBXv4CvVEaFUlqKj+GA4jJMNUzK2NtKOrUNEtTbXaVyNiXjFCSaDajMTedEB0jTAd9ybB0aBvwhgkJUWkWA==}
    engines: {node: '>=10'}
    cpu: [x64]
    os: [linux]

  '@swc/core-linux-x64-musl@1.11.21':
    resolution: {integrity: sha512-qFV60pwpKVOdmX67wqQzgtSrUGWX9Cibnp1CXyqZ9Mmt8UyYGvmGu7p6PMbTyX7vdpVUvWVRf8DzrW2//wmVHg==}
    engines: {node: '>=10'}
    cpu: [x64]
    os: [linux]

  '@swc/core-win32-arm64-msvc@1.11.21':
    resolution: {integrity: sha512-DJJe9k6gXR/15ZZVLv1SKhXkFst8lYCeZRNHH99SlBodvu4slhh/MKQ6YCixINRhCwliHrpXPym8/5fOq8b7Ig==}
    engines: {node: '>=10'}
    cpu: [arm64]
    os: [win32]

  '@swc/core-win32-ia32-msvc@1.11.21':
    resolution: {integrity: sha512-TqEXuy6wedId7bMwLIr9byds+mKsaXVHctTN88R1UIBPwJA92Pdk0uxDgip0pEFzHB/ugU27g6d8cwUH3h2eIw==}
    engines: {node: '>=10'}
    cpu: [ia32]
    os: [win32]

  '@swc/core-win32-x64-msvc@1.11.21':
    resolution: {integrity: sha512-BT9BNNbMxdpUM1PPAkYtviaV0A8QcXttjs2MDtOeSqqvSJaPtyM+Fof2/+xSwQDmDEFzbGCcn75M5+xy3lGqpA==}
    engines: {node: '>=10'}
    cpu: [x64]
    os: [win32]

  '@swc/core@1.11.21':
    resolution: {integrity: sha512-/Y3BJLcwd40pExmdar8MH2UGGvCBrqNN7hauOMckrEX2Ivcbv3IMhrbGX4od1dnF880Ed8y/E9aStZCIQi0EGw==}
    engines: {node: '>=10'}
    peerDependencies:
      '@swc/helpers': '>=0.5.17'
    peerDependenciesMeta:
      '@swc/helpers':
        optional: true

  '@swc/counter@0.1.3':
    resolution: {integrity: sha512-e2BR4lsJkkRlKZ/qCHPw9ZaSxc0MVUd7gtbtaB7aMvHeJVYe8sOB8DBZkP2DtISHGSku9sCK6T6cnY0CtXrOCQ==}

  '@swc/types@0.1.21':
    resolution: {integrity: sha512-2YEtj5HJVbKivud9N4bpPBAyZhj4S2Ipe5LkUG94alTpr7in/GU/EARgPAd3BwU+YOmFVJC2+kjqhGRi3r0ZpQ==}

  '@types/estree@1.0.7':
    resolution: {integrity: sha512-w28IoSUCJpidD/TGviZwwMJckNESJZXFu7NBZ5YJ4mEUnNraUn9Pm8HSZm/jDF1pDWYKspWE7oVphigUPRakIQ==}

  '@types/node@22.14.1':
    resolution: {integrity: sha512-u0HuPQwe/dHrItgHHpmw3N2fYCR6x4ivMNbPHRkBVP4CvN+kiRrKHWk3i8tXiO/joPwXLMYvF9TTF0eqgHIuOw==}

  '@types/prop-types@15.7.14':
    resolution: {integrity: sha512-gNMvNH49DJ7OJYv+KAKn0Xp45p8PLl6zo2YnvDIbTd4J6MER2BmWN49TG7n9LvkyihINxeKW8+3bfS2yDC9dzQ==}

  '@types/react-dom@18.3.6':
    resolution: {integrity: sha512-nf22//wEbKXusP6E9pfOCDwFdHAX4u172eaJI4YkDRQEZiorm6KfYnSC2SWLDMVWUOWPERmJnN0ujeAfTBLvrw==}
    peerDependencies:
      '@types/react': ^18.0.0

  '@types/react@18.3.20':
    resolution: {integrity: sha512-IPaCZN7PShZK/3t6Q87pfTkRm6oLTd4vztyoj+cbHUF1g3FfVb2tFIL79uCRKEfv16AhqDMBywP2VW3KIZUvcg==}

  core-js@3.41.0:
    resolution: {integrity: sha512-SJ4/EHwS36QMJd6h/Rg+GyR4A5xE0FSI3eZ+iBVpfqf1x0eTSg1smWLHrA+2jQThZSh97fmSgFSU8B61nxosxA==}

  csstype@3.1.3:
    resolution: {integrity: sha512-M1uQkMl8rQK/szD0LNhtqxIPLpimGm8sOBwU7lLnCpSbTyY3yeU1Vc7l4KT5zT4s/yOxHH5O7tIuuLOCnLADRw==}

  detect-libc@1.0.3:
    resolution: {integrity: sha512-pGjwhsmsp4kL2RTz08wcOlGN83otlqHeD/Z5T8GXZB+/YcpQ/dgo+lbU8ZsGxV0HIvqqxo9l7mqYwyYMD9bKDg==}
    engines: {node: '>=0.10'}
    hasBin: true

  dprint@0.45.1:
    resolution: {integrity: sha512-OYefcDgxd6jSdig/Cfkw1vdvyiOIRruCPnqGBbXpc95buDt9kvwL+Lic1OHc+SaQSsQub0BUZMd5+TNgy8Sh3A==}
    hasBin: true

  esbuild@0.21.5:
    resolution: {integrity: sha512-mg3OPMV4hXywwpoDxu3Qda5xCKQi+vCTZq8S9J/EpkhB2HzKXq4SNFZE3+NK93JYxc8VMSep+lOUSC/RVKaBqw==}
    engines: {node: '>=12'}
    hasBin: true

  estree-walker@2.0.2:
    resolution: {integrity: sha512-Rfkk/Mp/DL7JVje3u18FxFujQlTNR2q6QfMSMB7AvCBx91NGj/ba3kCfza0f6dVDbw7YlRf/nDrn7pQrCCyQ/w==}

  fsevents@2.3.3:
    resolution: {integrity: sha512-5xoDfX+fL7faATnagmWPpbFtwh/R77WmMMqqHGS65C3vvB0YHrgF+B1YmZ3441tMj5n63k0212XNoJwzlhffQw==}
    engines: {node: ^8.16.0 || ^10.6.0 || >=11.0.0}
    os: [darwin]

  gen_dep_tag@0.0.3:
    resolution: {integrity: sha512-2TCKUqo7dBlyEtrHRg24lRXj54qfgW7bAyC04OeF/IID/JS91yy5AIfTtcQvraVT+TK2A/F95DDXpZmbG2J7pw==}

  get-tsconfig@4.10.0:
    resolution: {integrity: sha512-kGzZ3LWWQcGIAmg6iWvXn0ei6WDtV26wzHRMwDSzmAbcXrTEXxHy6IehI6/4eT6VRKyMP1eF1VqwrVUmE/LR7A==}

  js-tokens@4.0.0:
    resolution: {integrity: sha512-RdJUflcE3cUzKiMqQgsCu06FPu9UdIJO0beYbPhHN4k6apgJtifcoCtT9bcxOpYBtpD2kCM6Sbzg4CausW/PKQ==}

  lightningcss-darwin-arm64@1.25.1:
    resolution: {integrity: sha512-G4Dcvv85bs5NLENcu/s1f7ehzE3D5ThnlWSDwE190tWXRQCQaqwcuHe+MGSVI/slm0XrxnaayXY+cNl3cSricw==}
    engines: {node: '>= 12.0.0'}
    cpu: [arm64]
    os: [darwin]

  lightningcss-darwin-x64@1.25.1:
    resolution: {integrity: sha512-dYWuCzzfqRueDSmto6YU5SoGHvZTMU1Em9xvhcdROpmtOQLorurUZz8+xFxZ51lCO2LnYbfdjZ/gCqWEkwixNg==}
    engines: {node: '>= 12.0.0'}
    cpu: [x64]
    os: [darwin]

  lightningcss-freebsd-x64@1.25.1:
    resolution: {integrity: sha512-hXoy2s9A3KVNAIoKz+Fp6bNeY+h9c3tkcx1J3+pS48CqAt+5bI/R/YY4hxGL57fWAIquRjGKW50arltD6iRt/w==}
    engines: {node: '>= 12.0.0'}
    cpu: [x64]
    os: [freebsd]

  lightningcss-linux-arm-gnueabihf@1.25.1:
    resolution: {integrity: sha512-tWyMgHFlHlp1e5iW3EpqvH5MvsgoN7ZkylBbG2R2LWxnvH3FuWCJOhtGcYx9Ks0Kv0eZOBud789odkYLhyf1ng==}
    engines: {node: '>= 12.0.0'}
    cpu: [arm]
    os: [linux]

  lightningcss-linux-arm64-gnu@1.25.1:
    resolution: {integrity: sha512-Xjxsx286OT9/XSnVLIsFEDyDipqe4BcLeB4pXQ/FEA5+2uWCCuAEarUNQumRucnj7k6ftkAHUEph5r821KBccQ==}
    engines: {node: '>= 12.0.0'}
    cpu: [arm64]
    os: [linux]

  lightningcss-linux-arm64-musl@1.25.1:
    resolution: {integrity: sha512-IhxVFJoTW8wq6yLvxdPvyHv4NjzcpN1B7gjxrY3uaykQNXPHNIpChLB52+wfH+yS58zm1PL4LemUp8u9Cfp6Bw==}
    engines: {node: '>= 12.0.0'}
    cpu: [arm64]
    os: [linux]

  lightningcss-linux-x64-gnu@1.25.1:
    resolution: {integrity: sha512-RXIaru79KrREPEd6WLXfKfIp4QzoppZvD3x7vuTKkDA64PwTzKJ2jaC43RZHRt8BmyIkRRlmywNhTRMbmkPYpA==}
    engines: {node: '>= 12.0.0'}
    cpu: [x64]
    os: [linux]

  lightningcss-linux-x64-musl@1.25.1:
    resolution: {integrity: sha512-TdcNqFsAENEEFr8fJWg0Y4fZ/nwuqTRsIr7W7t2wmDUlA8eSXVepeeONYcb+gtTj1RaXn/WgNLB45SFkz+XBZA==}
    engines: {node: '>= 12.0.0'}
    cpu: [x64]
    os: [linux]

  lightningcss-win32-x64-msvc@1.25.1:
    resolution: {integrity: sha512-9KZZkmmy9oGDSrnyHuxP6iMhbsgChUiu/NSgOx+U1I/wTngBStDf2i2aGRCHvFqj19HqqBEI4WuGVQBa2V6e0A==}
    engines: {node: '>= 12.0.0'}
    cpu: [x64]
    os: [win32]

  lightningcss@1.25.1:
    resolution: {integrity: sha512-V0RMVZzK1+rCHpymRv4URK2lNhIRyO8g7U7zOFwVAhJuat74HtkjIQpQRKNCwFEYkRGpafOpmXXLoaoBcyVtBg==}
    engines: {node: '>= 12.0.0'}

  loose-envify@1.4.0:
    resolution: {integrity: sha512-lyuxPGr/Wfhrlem2CL/UcnUc1zcqKAImBDzukY7Y5F/yQiNdko6+fRLevlw1HgMySw7f611UIY408EtxRSoK3Q==}
    hasBin: true

  magic-string@0.30.17:
    resolution: {integrity: sha512-sNPKHvyjVf7gyjwS4xGTaW/mCnF8wnjtifKBEhxfZ7E/S8tQ0rssrwGNn6q8JH/ohItJfSQp9mBtQYuTlH5QnA==}

  nanoid@3.3.11:
    resolution: {integrity: sha512-N8SpfPUnUp1bK+PMYW8qSWdl9U+wwNWI4QKxOYDy9JAro3WMX7p2OeVRF9v+347pnakNevPmiHhNmZ2HbFA76w==}
    engines: {node: ^10 || ^12 || ^13.7 || ^14 || >=15.0.1}
    hasBin: true

  oxlint@0.4.4:
    resolution: {integrity: sha512-YF4rEASRYWCJBaCd0yDavYJ1qCA5H2l6piXlAeDnIKjqKHQ7V3Hwu5w5gIkgZne73iXFe6baqcMSlZNdNlqCeA==}
    engines: {node: '>=14.*'}
    hasBin: true

  picocolors@1.1.1:
    resolution: {integrity: sha512-xceH2snhtb5M9liqDsmEw56le376mTZkEX/jEb/RxNFyegNul7eNslCXP9FDj/Lcu0X8KEyMceP2ntpaHrDEVA==}

  picomatch@4.0.2:
    resolution: {integrity: sha512-M7BAV6Rlcy5u+m6oPhAPFgJTzAioX/6B0DxyvDlo9l8+T3nLKbrczg2WLUyzd45L8RqfUMyGPzekbMvX2Ldkwg==}
    engines: {node: '>=12'}

  postcss@8.5.3:
    resolution: {integrity: sha512-dle9A3yYxlBSrt8Fu+IpjGT8SY8hN0mlaA6GY8t0P5PjIOZemULz/E2Bnm/2dcUOena75OTNkHI76uZBNUUq3A==}
    engines: {node: ^10 || ^12 || >=14}

  react-dom@18.3.1:
    resolution: {integrity: sha512-5m4nQKp+rZRb09LNH59GM4BxTh9251/ylbKIbpe7TpGxfJ+9kv6BLkLBXIjjspbgbnIBNqlI23tRnTWT0snUIw==}
    peerDependencies:
      react: ^18.3.1

  react@18.3.1:
    resolution: {integrity: sha512-wS+hAgJShR0KhEvPJArfuPVN1+Hz1t0Y6n5jLrGQbkb4urgPE/0Rve+1kMB1v/oWgHgm4WIcV+i7F2pTVj+2iQ==}
    engines: {node: '>=0.10.0'}

  resolve-pkg-maps@1.0.0:
    resolution: {integrity: sha512-seS2Tj26TBVOC2NIc2rOe2y2ZO7efxITtLZcGSOnHHNOQ7CkiUBfw0Iw2ck6xkIhPwLhKNLS8BO+hEpngQlqzw==}

  rollup-plugin-externals@0.0.1:
    resolution: {integrity: sha512-J0NpbtZlSShpCX+BwOp9pzw0CGami8yroBFnt3a7fxPQA65GQaziTU90wAQM2I5PYbyOBCWqFwjp6AgDdvKGZQ==}

  rollup-plugin-swc3@0.11.2:
    resolution: {integrity: sha512-o1ih9B806fV2wBSNk46T0cYfTF2eiiKmYXRpWw3K4j/Cp3tCAt10UCVsTqvUhGP58pcB3/GZcAVl5e7TCSKN6Q==}
    engines: {node: '>=12'}
    peerDependencies:
      '@swc/core': '>=1.2.165'
      rollup: ^2.0.0 || ^3.0.0 || ^4.0.0

  rollup-preserve-directives@1.1.3:
    resolution: {integrity: sha512-oXqxd6ZzkoQej8Qt0k+S/yvO2+S4CEVEVv2g85oL15o0cjAKTKEuo2MzyA8FcsBBXbtytBzBMFAbhvQg4YyPUQ==}
    peerDependencies:
      rollup: ^2.0.0 || ^3.0.0 || ^4.0.0

  rollup@4.40.0:
    resolution: {integrity: sha512-Noe455xmA96nnqH5piFtLobsGbCij7Tu+tb3c1vYjNbTkfzGqXqQXG3wJaYXkRZuQ0vEYN4bhwg7QnIrqB5B+w==}
    engines: {node: '>=18.0.0', npm: '>=8.0.0'}
    hasBin: true

  scheduler@0.23.2:
    resolution: {integrity: sha512-UOShsPwz7NrMUqhR6t0hWjFduvOzbtv7toDH1/hIrfRNIDBnnBWd0CwJTGvTpngVlmwGCdP9/Zl/tVrDqcuYzQ==}

  source-map-js@1.2.1:
    resolution: {integrity: sha512-UXWMKhLOwVKb728IUtQPXxfYU+usdybtUrK/8uGE8CQMvrhOpwvzDBwj0QhSL7MQc7vIsISBG8VQ8+IDQxpfQA==}
    engines: {node: '>=0.10.0'}

  toggle-switch-css@1.0.3:
    resolution: {integrity: sha512-EHI56A/NdXgToiFUDqdXO4m4IU0v2PDXkvlL+In5HEm8V7Euhru9NgiZGiRwKkH5tNmkbLcY4S1VO4OfUrL4CA==}

  typescript@5.8.3:
    resolution: {integrity: sha512-p1diW6TqL9L07nNxvRMM7hMMw4c5XOo/1ibL4aAIGmSAt9slTE1Xgw5KWuof2uTOvCg9BY7ZRi+GaF+7sfgPeQ==}
    engines: {node: '>=14.17'}
    hasBin: true

  undici-types@6.21.0:
    resolution: {integrity: sha512-iwDZqg0QAGrg9Rav5H4n0M64c3mkR59cJ6wQp+7C4nI0gsmExaedaYLNO44eT4AtBBwjbTiGPMlt2Md0T9H9JQ==}

  vite@5.4.18:
    resolution: {integrity: sha512-1oDcnEp3lVyHCuQ2YFelM4Alm2o91xNoMncRm1U7S+JdYfYOvbiGZ3/CxGttrOu2M/KcGz7cRC2DoNUA6urmMA==}
    engines: {node: ^18.0.0 || >=20.0.0}
    hasBin: true
    peerDependencies:
      '@types/node': ^18.0.0 || >=20.0.0
      less: '*'
      lightningcss: ^1.21.0
      sass: '*'
      sass-embedded: '*'
      stylus: '*'
      sugarss: '*'
      terser: ^5.4.0
    peerDependenciesMeta:
      '@types/node':
        optional: true
      less:
        optional: true
      lightningcss:
        optional: true
      sass:
        optional: true
      sass-embedded:
        optional: true
      stylus:
        optional: true
      sugarss:
        optional: true
      terser:
        optional: true

snapshots:

  '@dprint/darwin-arm64@0.45.1':
    optional: true

  '@dprint/darwin-x64@0.45.1':
    optional: true

  '@dprint/linux-arm64-glibc@0.45.1':
    optional: true

  '@dprint/linux-arm64-musl@0.45.1':
    optional: true

  '@dprint/linux-x64-glibc@0.45.1':
    optional: true

  '@dprint/linux-x64-musl@0.45.1':
    optional: true

  '@dprint/win32-x64@0.45.1':
    optional: true

  '@esbuild/aix-ppc64@0.21.5':
    optional: true

  '@esbuild/android-arm64@0.21.5':
    optional: true

  '@esbuild/android-arm@0.21.5':
    optional: true

  '@esbuild/android-x64@0.21.5':
    optional: true

  '@esbuild/darwin-arm64@0.21.5':
    optional: true

  '@esbuild/darwin-x64@0.21.5':
    optional: true

  '@esbuild/freebsd-arm64@0.21.5':
    optional: true

  '@esbuild/freebsd-x64@0.21.5':
    optional: true

  '@esbuild/linux-arm64@0.21.5':
    optional: true

  '@esbuild/linux-arm@0.21.5':
    optional: true

  '@esbuild/linux-ia32@0.21.5':
    optional: true

  '@esbuild/linux-loong64@0.21.5':
    optional: true

  '@esbuild/linux-mips64el@0.21.5':
    optional: true

  '@esbuild/linux-ppc64@0.21.5':
    optional: true

  '@esbuild/linux-riscv64@0.21.5':
    optional: true

  '@esbuild/linux-s390x@0.21.5':
    optional: true

  '@esbuild/linux-x64@0.21.5':
    optional: true

  '@esbuild/netbsd-x64@0.21.5':
    optional: true

  '@esbuild/openbsd-x64@0.21.5':
    optional: true

  '@esbuild/sunos-x64@0.21.5':
    optional: true

  '@esbuild/win32-arm64@0.21.5':
    optional: true

  '@esbuild/win32-ia32@0.21.5':
    optional: true

  '@esbuild/win32-x64@0.21.5':
    optional: true

  '@fastify/deepmerge@1.3.0': {}

  '@jridgewell/sourcemap-codec@1.5.0': {}

  '@lrc-maker/lrc-parser@0.1.17': {}

  '@oxlint/darwin-arm64@0.4.4':
    optional: true

  '@oxlint/darwin-x64@0.4.4':
    optional: true

  '@oxlint/linux-arm64-gnu@0.4.4':
    optional: true

  '@oxlint/linux-arm64-musl@0.4.4':
    optional: true

  '@oxlint/linux-x64-gnu@0.4.4':
    optional: true

  '@oxlint/linux-x64-musl@0.4.4':
    optional: true

  '@oxlint/win32-arm64@0.4.4':
    optional: true

  '@oxlint/win32-x64@0.4.4':
    optional: true

  '@rollup/pluginutils@5.1.4(rollup@4.40.0)':
    dependencies:
      '@types/estree': 1.0.7
      estree-walker: 2.0.2
      picomatch: 4.0.2
    optionalDependencies:
      rollup: 4.40.0

  '@rollup/rollup-android-arm-eabi@4.40.0':
    optional: true

  '@rollup/rollup-android-arm64@4.40.0':
    optional: true

  '@rollup/rollup-darwin-arm64@4.40.0':
    optional: true

  '@rollup/rollup-darwin-x64@4.40.0':
    optional: true

  '@rollup/rollup-freebsd-arm64@4.40.0':
    optional: true

  '@rollup/rollup-freebsd-x64@4.40.0':
    optional: true

  '@rollup/rollup-linux-arm-gnueabihf@4.40.0':
    optional: true

  '@rollup/rollup-linux-arm-musleabihf@4.40.0':
    optional: true

  '@rollup/rollup-linux-arm64-gnu@4.40.0':
    optional: true

  '@rollup/rollup-linux-arm64-musl@4.40.0':
    optional: true

  '@rollup/rollup-linux-loongarch64-gnu@4.40.0':
    optional: true

  '@rollup/rollup-linux-powerpc64le-gnu@4.40.0':
    optional: true

  '@rollup/rollup-linux-riscv64-gnu@4.40.0':
    optional: true

  '@rollup/rollup-linux-riscv64-musl@4.40.0':
    optional: true

  '@rollup/rollup-linux-s390x-gnu@4.40.0':
    optional: true

  '@rollup/rollup-linux-x64-gnu@4.40.0':
    optional: true

  '@rollup/rollup-linux-x64-musl@4.40.0':
    optional: true

  '@rollup/rollup-win32-arm64-msvc@4.40.0':
    optional: true

  '@rollup/rollup-win32-ia32-msvc@4.40.0':
    optional: true

  '@rollup/rollup-win32-x64-msvc@4.40.0':
    optional: true

  '@swc/core-darwin-arm64@1.11.21':
    optional: true

  '@swc/core-darwin-x64@1.11.21':
    optional: true

  '@swc/core-linux-arm-gnueabihf@1.11.21':
    optional: true

  '@swc/core-linux-arm64-gnu@1.11.21':
    optional: true

  '@swc/core-linux-arm64-musl@1.11.21':
    optional: true

  '@swc/core-linux-x64-gnu@1.11.21':
    optional: true

  '@swc/core-linux-x64-musl@1.11.21':
    optional: true

  '@swc/core-win32-arm64-msvc@1.11.21':
    optional: true

  '@swc/core-win32-ia32-msvc@1.11.21':
    optional: true

  '@swc/core-win32-x64-msvc@1.11.21':
    optional: true

  '@swc/core@1.11.21':
    dependencies:
      '@swc/counter': 0.1.3
      '@swc/types': 0.1.21
    optionalDependencies:
      '@swc/core-darwin-arm64': 1.11.21
      '@swc/core-darwin-x64': 1.11.21
      '@swc/core-linux-arm-gnueabihf': 1.11.21
      '@swc/core-linux-arm64-gnu': 1.11.21
      '@swc/core-linux-arm64-musl': 1.11.21
      '@swc/core-linux-x64-gnu': 1.11.21
      '@swc/core-linux-x64-musl': 1.11.21
      '@swc/core-win32-arm64-msvc': 1.11.21
      '@swc/core-win32-ia32-msvc': 1.11.21
      '@swc/core-win32-x64-msvc': 1.11.21

  '@swc/counter@0.1.3': {}

  '@swc/types@0.1.21':
    dependencies:
      '@swc/counter': 0.1.3

  '@types/estree@1.0.7': {}

  '@types/node@22.14.1':
    dependencies:
      undici-types: 6.21.0

  '@types/prop-types@15.7.14': {}

  '@types/react-dom@18.3.6(@types/react@18.3.20)':
    dependencies:
      '@types/react': 18.3.20

  '@types/react@18.3.20':
    dependencies:
      '@types/prop-types': 15.7.14
      csstype: 3.1.3

  core-js@3.41.0: {}

  csstype@3.1.3: {}

  detect-libc@1.0.3: {}

  dprint@0.45.1:
    optionalDependencies:
      '@dprint/darwin-arm64': 0.45.1
      '@dprint/darwin-x64': 0.45.1
      '@dprint/linux-arm64-glibc': 0.45.1
      '@dprint/linux-arm64-musl': 0.45.1
      '@dprint/linux-x64-glibc': 0.45.1
      '@dprint/linux-x64-musl': 0.45.1
      '@dprint/win32-x64': 0.45.1

  esbuild@0.21.5:
    optionalDependencies:
      '@esbuild/aix-ppc64': 0.21.5
      '@esbuild/android-arm': 0.21.5
      '@esbuild/android-arm64': 0.21.5
      '@esbuild/android-x64': 0.21.5
      '@esbuild/darwin-arm64': 0.21.5
      '@esbuild/darwin-x64': 0.21.5
      '@esbuild/freebsd-arm64': 0.21.5
      '@esbuild/freebsd-x64': 0.21.5
      '@esbuild/linux-arm': 0.21.5
      '@esbuild/linux-arm64': 0.21.5
      '@esbuild/linux-ia32': 0.21.5
      '@esbuild/linux-loong64': 0.21.5
      '@esbuild/linux-mips64el': 0.21.5
      '@esbuild/linux-ppc64': 0.21.5
      '@esbuild/linux-riscv64': 0.21.5
      '@esbuild/linux-s390x': 0.21.5
      '@esbuild/linux-x64': 0.21.5
      '@esbuild/netbsd-x64': 0.21.5
      '@esbuild/openbsd-x64': 0.21.5
      '@esbuild/sunos-x64': 0.21.5
      '@esbuild/win32-arm64': 0.21.5
      '@esbuild/win32-ia32': 0.21.5
      '@esbuild/win32-x64': 0.21.5

  estree-walker@2.0.2: {}

  fsevents@2.3.3:
    optional: true

  gen_dep_tag@0.0.3: {}

  get-tsconfig@4.10.0:
    dependencies:
      resolve-pkg-maps: 1.0.0

  js-tokens@4.0.0: {}

  lightningcss-darwin-arm64@1.25.1:
    optional: true

  lightningcss-darwin-x64@1.25.1:
    optional: true

  lightningcss-freebsd-x64@1.25.1:
    optional: true

  lightningcss-linux-arm-gnueabihf@1.25.1:
    optional: true

  lightningcss-linux-arm64-gnu@1.25.1:
    optional: true

  lightningcss-linux-arm64-musl@1.25.1:
    optional: true

  lightningcss-linux-x64-gnu@1.25.1:
    optional: true

  lightningcss-linux-x64-musl@1.25.1:
    optional: true

  lightningcss-win32-x64-msvc@1.25.1:
    optional: true

  lightningcss@1.25.1:
    dependencies:
      detect-libc: 1.0.3
    optionalDependencies:
      lightningcss-darwin-arm64: 1.25.1
      lightningcss-darwin-x64: 1.25.1
      lightningcss-freebsd-x64: 1.25.1
      lightningcss-linux-arm-gnueabihf: 1.25.1
      lightningcss-linux-arm64-gnu: 1.25.1
      lightningcss-linux-arm64-musl: 1.25.1
      lightningcss-linux-x64-gnu: 1.25.1
      lightningcss-linux-x64-musl: 1.25.1
      lightningcss-win32-x64-msvc: 1.25.1

  loose-envify@1.4.0:
    dependencies:
      js-tokens: 4.0.0

  magic-string@0.30.17:
    dependencies:
      '@jridgewell/sourcemap-codec': 1.5.0

  nanoid@3.3.11: {}

  oxlint@0.4.4:
    optionalDependencies:
      '@oxlint/darwin-arm64': 0.4.4
      '@oxlint/darwin-x64': 0.4.4
      '@oxlint/linux-arm64-gnu': 0.4.4
      '@oxlint/linux-arm64-musl': 0.4.4
      '@oxlint/linux-x64-gnu': 0.4.4
      '@oxlint/linux-x64-musl': 0.4.4
      '@oxlint/win32-arm64': 0.4.4
      '@oxlint/win32-x64': 0.4.4

  picocolors@1.1.1: {}

  picomatch@4.0.2: {}

  postcss@8.5.3:
    dependencies:
      nanoid: 3.3.11
      picocolors: 1.1.1
      source-map-js: 1.2.1

  react-dom@18.3.1(react@18.3.1):
    dependencies:
      loose-envify: 1.4.0
      react: 18.3.1
      scheduler: 0.23.2

  react@18.3.1:
    dependencies:
      loose-envify: 1.4.0

  resolve-pkg-maps@1.0.0: {}

  rollup-plugin-externals@0.0.1: {}

  rollup-plugin-swc3@0.11.2(@swc/core@1.11.21)(rollup@4.40.0):
    dependencies:
      '@fastify/deepmerge': 1.3.0
      '@rollup/pluginutils': 5.1.4(rollup@4.40.0)
      '@swc/core': 1.11.21
      get-tsconfig: 4.10.0
      rollup: 4.40.0
      rollup-preserve-directives: 1.1.3(rollup@4.40.0)

  rollup-preserve-directives@1.1.3(rollup@4.40.0):
    dependencies:
      magic-string: 0.30.17
      rollup: 4.40.0

  rollup@4.40.0:
    dependencies:
      '@types/estree': 1.0.7
    optionalDependencies:
      '@rollup/rollup-android-arm-eabi': 4.40.0
      '@rollup/rollup-android-arm64': 4.40.0
      '@rollup/rollup-darwin-arm64': 4.40.0
      '@rollup/rollup-darwin-x64': 4.40.0
      '@rollup/rollup-freebsd-arm64': 4.40.0
      '@rollup/rollup-freebsd-x64': 4.40.0
      '@rollup/rollup-linux-arm-gnueabihf': 4.40.0
      '@rollup/rollup-linux-arm-musleabihf': 4.40.0
      '@rollup/rollup-linux-arm64-gnu': 4.40.0
      '@rollup/rollup-linux-arm64-musl': 4.40.0
      '@rollup/rollup-linux-loongarch64-gnu': 4.40.0
      '@rollup/rollup-linux-powerpc64le-gnu': 4.40.0
      '@rollup/rollup-linux-riscv64-gnu': 4.40.0
      '@rollup/rollup-linux-riscv64-musl': 4.40.0
      '@rollup/rollup-linux-s390x-gnu': 4.40.0
      '@rollup/rollup-linux-x64-gnu': 4.40.0
      '@rollup/rollup-linux-x64-musl': 4.40.0
      '@rollup/rollup-win32-arm64-msvc': 4.40.0
      '@rollup/rollup-win32-ia32-msvc': 4.40.0
      '@rollup/rollup-win32-x64-msvc': 4.40.0
      fsevents: 2.3.3

  scheduler@0.23.2:
    dependencies:
      loose-envify: 1.4.0

  source-map-js@1.2.1: {}

  toggle-switch-css@1.0.3: {}

  typescript@5.8.3: {}

  undici-types@6.21.0: {}

  vite@5.4.18(@types/node@22.14.1)(lightningcss@1.25.1):
    dependencies:
      esbuild: 0.21.5
      postcss: 8.5.3
      rollup: 4.40.0
    optionalDependencies:
      '@types/node': 22.14.1
      fsevents: 2.3.3
      lightningcss: 1.25.1
